
Microsoft Visual Studio Solution File, Format Version 12.00
# Visual Studio 15
VisualStudioVersion = 15.0.26228.48
MinimumVisualStudioVersion = 10.0.40219.1
Project("{FAE04EC0-301F-11D3-BF4B-00C04F79EFBC}") = "AWSDemo", "AWSDemo\AWSDemo.csproj", "{55EA1399-5F68-4FE1-88B1-D3397059E067}"
EndProject
Project("{FAE04EC0-301F-11D3-BF4B-00C04F79EFBC}") = "AWS", "AWS\AWS.csproj", "{146973CF-A6BC-4932-B996-9A8F65D17043}"
EndProject
Global
	GlobalSection(SolutionConfigurationPlatforms) = preSolution
		Debug|Any CPU = Debug|Any CPU
		Release|Any CPU = Release|Any CPU
	EndGlobalSection
	GlobalSection(ProjectConfigurationPlatforms) = postSolution
		{55EA1399-5F68-4FE1-88B1-D3397059E067}.Debug|Any CPU.ActiveCfg = Debug|Any CPU
		{55EA1399-5F68-4FE1-88B1-D3397059E067}.Debug|Any CPU.Build.0 = Debug|Any CPU
		{55EA1399-5F68-4FE1-88B1-D3397059E067}.Release|Any CPU.ActiveCfg = Release|Any CPU
		{55EA1399-5F68-4FE1-88B1-D3397059E067}.Release|Any CPU.Build.0 = Release|Any CPU
		{146973CF-A6BC-4932-B996-9A8F65D17043}.Debug|Any CPU.ActiveCfg = Debug|Any CPU
		{146973CF-A6BC-4932-B996-9A8F65D17043}.Debug|Any CPU.Build.0 = Debug|Any CPU
		{146973CF-A6BC-4932-B996-9A8F65D17043}.Release|Any CPU.ActiveCfg = Release|Any CPU
		{146973CF-A6BC-4932-B996-9A8F65D17043}.Release|Any CPU.Build.0 = Release|Any CPU
	EndGlobalSection
	GlobalSection(SolutionProperties) = preSolution
		HideSolutionNode = FALSE
	EndGlobalSection
EndGlobal
